// !$*UTF8*$!
{
	archiveVersion = 1;
	classes = {
	};
	objectVersion = 50;
	objects = {

/* Begin PBXBuildFile section */
		0CFC83F825AA04D200C0FAFB /* AppDelegate.swift in Sources */ = {isa = PBXBuildFile; fileRef = 0CFC83F725AA04D200C0FAFB /* AppDelegate.swift */; };
		0CFC83FA25AA04D200C0FAFB /* SceneDelegate.swift in Sources */ = {isa = PBXBuildFile; fileRef = 0CFC83F925AA04D200C0FAFB /* SceneDelegate.swift */; };
		0CFC83FC25AA04D200C0FAFB /* ViewController.swift in Sources */ = {isa = PBXBuildFile; fileRef = 0CFC83FB25AA04D200C0FAFB /* ViewController.swift */; };
		0CFC83FF25AA04D200C0FAFB /* Main.storyboard in Resources */ = {isa = PBXBuildFile; fileRef = 0CFC83FD25AA04D200C0FAFB /* Main.storyboard */; };
		0CFC840125AA04D600C0FAFB /* Assets.xcassets in Resources */ = {isa = PBXBuildFile; fileRef = 0CFC840025AA04D600C0FAFB /* Assets.xcassets */; };
		0CFC840425AA04D600C0FAFB /* LaunchScreen.storyboard in Resources */ = {isa = PBXBuildFile; fileRef = 0CFC840225AA04D600C0FAFB /* LaunchScreen.storyboard */; };
		0CFC840D25AA246F00C0FAFB /* Users.swift in Sources */ = {isa = PBXBuildFile; fileRef = 0CFC840C25AA246F00C0FAFB /* Users.swift */; };
/* End PBXBuildFile section */

/* Begin PBXFileReference section */
		0CFC83F425AA04D200C0FAFB /* 4-Days.app */ = {isa = PBXFileReference; explicitFileType = wrapper.application; includeInIndex = 0; path = "4-Days.app"; sourceTree = BUILT_PRODUCTS_DIR; };
		0CFC83F725AA04D200C0FAFB /* AppDelegate.swift */ = {isa = PBXFileReference; lastKnownFileType = sourcecode.swift; path = AppDelegate.swift; sourceTree = "<group>"; };
		0CFC83F925AA04D200C0FAFB /* SceneDelegate.swift */ = {isa = PBXFileReference; lastKnownFileType = sourcecode.swift; path = SceneDelegate.swift; sourceTree = "<group>"; };
		0CFC83FB25AA04D200C0FAFB /* ViewController.swift */ = {isa = PBXFileReference; lastKnownFileType = sourcecode.swift; path = ViewController.swift; sourceTree = "<group>"; };
		0CFC83FE25AA04D200C0FAFB /* Base */ = {isa = PBXFileReference; lastKnownFileType = file.storyboard; name = Base; path = Base.lproj/Main.storyboard; sourceTree = "<group>"; };
		0CFC840025AA04D600C0FAFB /* Assets.xcassets */ = {isa = PBXFileReference; lastKnownFileType = folder.assetcatalog; path = Assets.xcassets; sourceTree = "<group>"; };
		0CFC840325AA04D600C0FAFB /* Base */ = {isa = PBXFileReference; lastKnownFileType = file.storyboard; name = Base; path = Base.lproj/LaunchScreen.storyboard; sourceTree = "<group>"; };
		0CFC840525AA04D600C0FAFB /* Info.plist */ = {isa = PBXFileReference; lastKnownFileType = text.plist.xml; path = Info.plist; sourceTree = "<group>"; };
		0CFC840C25AA246F00C0FAFB /* Users.swift */ = {isa = PBXFileReference; lastKnownFileType = sourcecode.swift; path = Users.swift; sourceTree = "<group>"; };
/* End PBXFileReference section */

/* Begin PBXFrameworksBuildPhase section */
		0CFC83F125AA04D200C0FAFB /* Frameworks */ = {
			isa = PBXFrameworksBuildPhase;
			buildActionMask = 2147483647;
			files = (
			);
			runOnlyForDeploymentPostprocessing = 0;
		};
/* End PBXFrameworksBuildPhase section */

/* Begin PBXGroup section */
		0CFC83EB25AA04D100C0FAFB = {
			isa = PBXGroup;
			children = (
				0CFC83F625AA04D200C0FAFB /* 4-Days */,
				0CFC83F525AA04D200C0FAFB /* Products */,
			);
			sourceTree = "<group>";
		};
		0CFC83F525AA04D200C0FAFB /* Products */ = {
			isa = PBXGroup;
			children = (
				0CFC83F425AA04D200C0FAFB /* 4-Days.app */,
			);
			name = Products;
			sourceTree = "<group>";
		};
		0CFC83F625AA04D200C0FAFB /* 4-Days */ = {
			isa = PBXGroup;
			children = (
				0CFC83F725AA04D200C0FAFB /* AppDelegate.swift */,
				0CFC83F925AA04D200C0FAFB /* SceneDelegate.swift */,
				0CFC83FB25AA04D200C0FAFB /* ViewController.swift */,
				0CFC83FD25AA04D200C0FAFB /* Main.storyboard */,
				0CFC840025AA04D600C0FAFB /* Assets.xcassets */,
				0CFC840225AA04D600C0FAFB /* LaunchScreen.storyboard */,
				0CFC840525AA04D600C0FAFB /* Info.plist */,
				0CFC840C25AA246F00C0FAFB /* Users.swift */,
			);
			path = "4-Days";
			sourceTree = "<group>";
		};
/* End PBXGroup section */

/* Begin PBXNativeTarget section */
		0CFC83F325AA04D200C0FAFB /* 4-Days */ = {
			isa = PBXNativeTarget;
			buildConfigurationList = 0CFC840825AA04D600C0FAFB /* Build configuration list for PBXNativeTarget "4-Days" */;
			buildPhases = (
				0CFC83F025AA04D200C0FAFB /* Sources */,
				0CFC83F125AA04D200C0FAFB /* Frameworks */,
				0CFC83F225AA04D200C0FAFB /* Resources */,
			);
			buildRules = (
			);
			dependencies = (
			);
			name = "4-Days";
			productName = "4-Days";
			productReference = 0CFC83F425AA04D200C0FAFB /* 4-Days.app */;
			productType = "com.apple.product-type.application";
		};
/* End PBXNativeTarget section */

/* Begin PBXProject section */
		0CFC83EC25AA04D100C0FAFB /* Project object */ = {
			isa = PBXProject;
			attributes = {
				LastSwiftUpdateCheck = 1230;
				LastUpgradeCheck = 1230;
				TargetAttributes = {
					0CFC83F325AA04D200C0FAFB = {
						CreatedOnToolsVersion = 12.3;
					};
				};
			};
			buildConfigurationList = 0CFC83EF25AA04D100C0FAFB /* Build configuration list for PBXProject "4-Days" */;
			compatibilityVersion = "Xcode 9.3";
			developmentRegion = en;
			hasScannedForEncodings = 0;
			knownRegions = (
				en,
				Base,
			);
			mainGroup = 0CFC83EB25AA04D100C0FAFB;
			productRefGroup = 0CFC83F525AA04D200C0FAFB /* Products */;
			projectDirPath = "";
			projectRoot = "";
			targets = (
				0CFC83F325AA04D200C0FAFB /* 4-Days */,
			);
		};
/* End PBXProject section */

/* Begin PBXResourcesBuildPhase section */
		0CFC83F225AA04D200C0FAFB /* Resources */ = {
			isa = PBXResourcesBuildPhase;
			buildActionMask = 2147483647;
			files = (
				0CFC840425AA04D600C0FAFB /* LaunchScreen.storyboard in Resources */,
				0CFC840125AA04D600C0FAFB /* Assets.xcassets in Resources */,
				0CFC83FF25AA04D200C0FAFB /* Main.storyboard in Resources */,
			);
			runOnlyForDeploymentPostprocessing = 0;
		};
/* End PBXResourcesBuildPhase section */

/* Begin PBXSourcesBuildPhase section */
		0CFC83F025AA04D200C0FAFB /* Sources */ = {
			isa = PBXSourcesBuildPhase;
			buildActionMask = 2147483647;
			files = (
				0CFC840D25AA246F00C0FAFB /* Users.swift in Sources */,
				0CFC83FC25AA04D200C0FAFB /* ViewController.swift in Sources */,
				0CFC83F825AA04D200C0FAFB /* AppDelegate.swift in Sources */,
				0CFC83FA25AA04D200C0FAFB /* SceneDelegate.swift in Sources */,
			);
			runOnlyForDeploymentPostprocessing = 0;
		};
/* End PBXSourcesBuildPhase section */

/* Begin PBXVariantGroup section */
		0CFC83FD25AA04D200C0FAFB /* Main.storyboard */ = {
			isa = PBXVariantGroup;
			children = (
				0CFC83FE25AA04D200C0FAFB /* Base */,
			);
			name = Main.storyboard;
			sourceTree = "<group>";
		};
		0CFC840225AA04D600C0FAFB /* LaunchScreen.storyboard */ = {
			isa = PBXVariantGroup;
			children = (
				0CFC840325AA04D600C0FAFB /* Base */,
			);
			name = LaunchScreen.storyboard;
			sourceTree = "<group>";
		};
/* End PBXVariantGroup section */

/* Begin XCBuildConfiguration section */
		0CFC840625AA04D600C0FAFB /* Debug */ = {
			isa = XCBuildConfiguration;
			buildSettings = {
				ALWAYS_SEARCH_USER_PATHS = NO;
				CLANG_ANALYZER_NONNULL = YES;
				CLANG_ANALYZER_NUMBER_OBJECT_CONVERSION = YES_AGGRESSIVE;
				CLANG_CXX_LANGUAGE_STANDARD = "gnu++14";
				CLANG_CXX_LIBRARY = "libc++";
				CLANG_ENABLE_MODULES = YES;
				CLANG_ENABLE_OBJC_ARC = YES;
				CLANG_ENABLE_OBJC_WEAK = YES;
				CLANG_WARN_BLOCK_CAPTURE_AUTORELEASING = YES;
				CLANG_WARN_BOOL_CONVERSION = YES;
				CLANG_WARN_COMMA = YES;
				CLANG_WARN_CONSTANT_CONVERSION = YES;
				CLANG_WARN_DEPRECATED_OBJC_IMPLEMENTATIONS = YES;
				CLANG_WARN_DIRECT_OBJC_ISA_USAGE = YES_ERROR;
				CLANG_WARN_DOCUMENTATION_COMMENTS = YES;
				CLANG_WARN_EMPTY_BODY = YES;
				CLANG_WARN_ENUM_CONVERSION = YES;
				CLANG_WARN_INFINITE_RECURSION = YES;
				CLANG_WARN_INT_CONVERSION = YES;
				CLANG_WARN_NON_LITERAL_NULL_CONVERSION = YES;
				CLANG_WARN_OBJC_IMPLICIT_RETAIN_SELF = YES;
				CLANG_WARN_OBJC_LITERAL_CONVERSION = YES;
				CLANG_WARN_OBJC_ROOT_CLASS = YES_ERROR;
				CLANG_WARN_QUOTED_INCLUDE_IN_FRAMEWORK_HEADER = YES;
				CLANG_WARN_RANGE_LOOP_ANALYSIS = YES;
				CLANG_WARN_STRICT_PROTOTYPES = YES;
				CLANG_WARN_SUSPICIOUS_MOVE = YES;
				CLANG_WARN_UNGUARDED_AVAILABILITY = YES_AGGRESSIVE;
				CLANG_WARN_UNREACHABLE_CODE = YES;
				CLANG_WARN__DUPLICATE_METHOD_MATCH = YES;
				COPY_PHASE_STRIP = NO;
				DEBUG_INFORMATION_FORMAT = dwarf;
				ENABLE_STRICT_OBJC_MSGSEND = YES;
				ENABLE_TESTABILITY = YES;
				GCC_C_LANGUAGE_STANDARD = gnu11;
				GCC_DYNAMIC_NO_PIC = NO;
				GCC_NO_COMMON_BLOCKS = YES;
				GCC_OPTIMIZATION_LEVEL = 0;
				GCC_PREPROCESSOR_DEFINITIONS = (
					"DEBUG=1",
					"$(inherited)",
				);
				GCC_WARN_64_TO_32_BIT_CONVERSION = YES;
				GCC_WARN_ABOUT_RETURN_TYPE = YES_ERROR;
				GCC_WARN_UNDECLARED_SELECTOR = YES;
				GCC_WARN_UNINITIALIZED_AUTOS = YES_AGGRESSIVE;
				GCC_WARN_UNUSED_FUNCTION = YES;
				GCC_WARN_UNUSED_VARIABLE = YES;
				IPHONEOS_DEPLOYMENT_TARGET = 14.3;
				MTL_ENABLE_DEBUG_INFO = INCLUDE_SOURCE;
				MTL_FAST_MATH = YES;
				ONLY_ACTIVE_ARCH = YES;
				SDKROOT = iphoneos;
				SWIFT_ACTIVE_COMPILATION_CONDITIONS = DEBUG;
				SWIFT_OPTIMIZATION_LEVEL = "-Onone";
			};
			name = Debug;
		};
		0CFC840725AA04D600C0FAFB /* Release */ = {
			isa = XCBuildConfiguration;
			buildSettings = {
				ALWAYS_SEARCH_USER_PATHS = NO;
				CLANG_ANALYZER_NONNULL = YES;
				CLANG_ANALYZER_NUMBER_OBJECT_CONVERSION = YES_AGGRESSIVE;
				CLANG_CXX_LANGUAGE_STANDARD = "gnu++14";
				CLANG_CXX_LIBRARY = "libc++";
				CLANG_ENABLE_MODULES = YES;
				CLANG_ENABLE_OBJC_ARC = YES;
				CLANG_ENABLE_OBJC_WEAK = YES;
				CLANG_WARN_BLOCK_CAPTURE_AUTORELEASING = YES;
				CLANG_WARN_BOOL_CONVERSION = YES;
				CLANG_WARN_COMMA = YES;
				CLANG_WARN_CONSTANT_CONVERSION = YES;
				CLANG_WARN_DEPRECATED_OBJC_IMPLEMENTATIONS = YES;
				CLANG_WARN_DIRECT_OBJC_ISA_USAGE = YES_ERROR;
				CLANG_WARN_DOCUMENTATION_COMMENTS = YES;
				CLANG_WARN_EMPTY_BODY = YES;
				CLANG_WARN_ENUM_CONVERSION = YES;
				CLANG_WARN_INFINITE_RECURSION = YES;
				CLANG_WARN_INT_CONVERSION = YES;
				CLANG_WARN_NON_LITERAL_NULL_CONVERSION = YES;
				CLANG_WARN_OBJC_IMPLICIT_RETAIN_SELF = YES;
				CLANG_WARN_OBJC_LITERAL_CONVERSION = YES;
				CLANG_WARN_OBJC_ROOT_CLASS = YES_ERROR;
				CLANG_WARN_QUOTED_INCLUDE_IN_FRAMEWORK_HEADER = YES;
				CLANG_WARN_RANGE_LOOP_ANALYSIS = YES;
				CLANG_WARN_STRICT_PROTOTYPES = YES;
				CLANG_WARN_SUSPICIOUS_MOVE = YES;
				CLANG_WARN_UNGUARDED_AVAILABILITY = YES_AGGRESSIVE;
				CLANG_WARN_UNREACHABLE_CODE = YES;
				CLANG_WARN__DUPLICATE_METHOD_MATCH = YES;
				COPY_PHASE_STRIP = NO;
				DEBUG_INFORMATION_FORMAT = "dwarf-with-dsym";
				ENABLE_NS_ASSERTIONS = NO;
				ENABLE_STRICT_OBJC_MSGSEND = YES;
				GCC_C_LANGUAGE_STANDARD = gnu11;
				GCC_NO_COMMON_BLOCKS = YES;
				GCC_WARN_64_TO_32_BIT_CONVERSION = YES;
				GCC_WARN_ABOUT_RETURN_TYPE = YES_ERROR;
				GCC_WARN_UNDECLARED_SELECTOR = YES;
				GCC_WARN_UNINITIALIZED_AUTOS = YES_AGGRESSIVE;
				GCC_WARN_UNUSED_FUNCTION = YES;
				GCC_WARN_UNUSED_VARIABLE = YES;
				IPHONEOS_DEPLOYMENT_TARGET = 14.3;
				MTL_ENABLE_DEBUG_INFO = NO;
				MTL_FAST_MATH = YES;
				SDKROOT = iphoneos;
				SWIFT_COMPILATION_MODE = wholemodule;
				SWIFT_OPTIMIZATION_LEVEL = "-O";
				VALIDATE_PRODUCT = YES;
			};
			name = Release;
		};
		0CFC840925AA04D600C0FAFB /* Debug */ = {
			isa = XCBuildConfiguration;
			buildSettings = {
				ASSETCATALOG_COMPILER_APPICON_NAME = AppIcon;
				ASSETCATALOG_COMPILER_GLOBAL_ACCENT_COLOR_NAME = AccentColor;
				CODE_SIGN_STYLE = Automatic;
				DEVELOPMENT_TEAM = 5WXHYUVFW8;
				INFOPLIST_FILE = "4-Days/Info.plist";
				LD_RUNPATH_SEARCH_PATHS = (
					"$(inherited)",
					"@executable_path/Frameworks",
				);
				PRODUCT_BUNDLE_IDENTIFIER = "com.works.--Days";
				PRODUCT_NAME = "$(TARGET_NAME)";
				SWIFT_VERSION = 5.0;
				TARGETED_DEVICE_FAMILY = "1,2";
			};
			name = Debug;
		};
		0CFC840A25AA04D600C0FAFB /* Release */ = {
			isa = XCBuildConfiguration;
			buildSettings = {
				ASSETCATALOG_COMPILER_APPICON_NAME = AppIcon;
				ASSETCATALOG_COMPILER_GLOBAL_ACCENT_COLOR_NAME = AccentColor;
				CODE_SIGN_STYLE = Automatic;
				DEVELOPMENT_TEAM = 5WXHYUVFW8;
				INFOPLIST_FILE = "4-Days/Info.plist";
				LD_RUNPATH_SEARCH_PATHS = (
					"$(inherited)",
					"@executable_path/Frameworks",
				);
				PRODUCT_BUNDLE_IDENTIFIER = "com.works.--Days";
				PRODUCT_NAME = "$(TARGET_NAME)";
				SWIFT_VERSION = 5.0;
				TARGETED_DEVICE_FAMILY = "1,2";
			};
			name = Release;
		};
/* End XCBuildConfiguration section */

/* Begin XCConfigurationList section */
		0CFC83EF25AA04D100C0FAFB /* Build configuration list for PBXProject "4-Days" */ = {
			isa = XCConfigurationList;
			buildConfigurations = (
				0CFC840625AA04D600C0FAFB /* Debug */,
				0CFC840725AA04D600C0FAFB /* Release */,
			);
			defaultConfigurationIsVisible = 0;
			defaultConfigurationName = Release;
		};
		0CFC840825AA04D600C0FAFB /* Build configuration list for PBXNativeTarget "4-Days" */ = {
			isa = XCConfigurationList;
			buildConfigurations = (
				0CFC840925AA04D600C0FAFB /* Debug */,
				0CFC840A25AA04D600C0FAFB /* Release */,
			);
			defaultConfigurationIsVisible = 0;
			defaultConfigurationName = Release;
		};
/* End XCConfigurationList section */
	};
	rootObject = 0CFC83EC25AA04D100C0FAFB /* Project object */;
}
