// !$*UTF8*$!
{
	archiveVersion = 1;
	classes = {
	};
	objectVersion = 51;
	objects = {

/* Begin PBXBuildFile section */
		0CC7E66525C24997009919F0 /* ProductTable.swift in Sources */ = {isa = PBXBuildFile; fileRef = 0CC7E66425C24997009919F0 /* ProductTable.swift */; };
		0CC7E66825C249A8009919F0 /* DB.swift in Sources */ = {isa = PBXBuildFile; fileRef = 0CC7E66725C249A8009919F0 /* DB.swift */; };
		0CEA0E5C25BA857500B6CFB0 /* AppDelegate.swift in Sources */ = {isa = PBXBuildFile; fileRef = 0CEA0E5B25BA857500B6CFB0 /* AppDelegate.swift */; };
		0CEA0E5E25BA857500B6CFB0 /* SceneDelegate.swift in Sources */ = {isa = PBXBuildFile; fileRef = 0CEA0E5D25BA857500B6CFB0 /* SceneDelegate.swift */; };
		0CEA0E6025BA857500B6CFB0 /* ViewController.swift in Sources */ = {isa = PBXBuildFile; fileRef = 0CEA0E5F25BA857500B6CFB0 /* ViewController.swift */; };
		0CEA0E6325BA857500B6CFB0 /* Main.storyboard in Resources */ = {isa = PBXBuildFile; fileRef = 0CEA0E6125BA857500B6CFB0 /* Main.storyboard */; };
		0CEA0E6525BA857800B6CFB0 /* Assets.xcassets in Resources */ = {isa = PBXBuildFile; fileRef = 0CEA0E6425BA857800B6CFB0 /* Assets.xcassets */; };
		0CEA0E6825BA857800B6CFB0 /* LaunchScreen.storyboard in Resources */ = {isa = PBXBuildFile; fileRef = 0CEA0E6625BA857800B6CFB0 /* LaunchScreen.storyboard */; };
		4A39AAE36865AD208347AC62 /* Pods_homework_4.framework in Frameworks */ = {isa = PBXBuildFile; fileRef = AC88041E3385FB368F9D2FCC /* Pods_homework_4.framework */; };
/* End PBXBuildFile section */

/* Begin PBXFileReference section */
		08396C6DA446EB7C1875A782 /* Pods-homework_4.debug.xcconfig */ = {isa = PBXFileReference; includeInIndex = 1; lastKnownFileType = text.xcconfig; name = "Pods-homework_4.debug.xcconfig"; path = "Target Support Files/Pods-homework_4/Pods-homework_4.debug.xcconfig"; sourceTree = "<group>"; };
		0CC7E66425C24997009919F0 /* ProductTable.swift */ = {isa = PBXFileReference; lastKnownFileType = sourcecode.swift; path = ProductTable.swift; sourceTree = "<group>"; };
		0CC7E66725C249A8009919F0 /* DB.swift */ = {isa = PBXFileReference; lastKnownFileType = sourcecode.swift; path = DB.swift; sourceTree = "<group>"; };
		0CEA0E5825BA857500B6CFB0 /* homework_4.app */ = {isa = PBXFileReference; explicitFileType = wrapper.application; includeInIndex = 0; path = homework_4.app; sourceTree = BUILT_PRODUCTS_DIR; };
		0CEA0E5B25BA857500B6CFB0 /* AppDelegate.swift */ = {isa = PBXFileReference; lastKnownFileType = sourcecode.swift; path = AppDelegate.swift; sourceTree = "<group>"; };
		0CEA0E5D25BA857500B6CFB0 /* SceneDelegate.swift */ = {isa = PBXFileReference; lastKnownFileType = sourcecode.swift; path = SceneDelegate.swift; sourceTree = "<group>"; };
		0CEA0E5F25BA857500B6CFB0 /* ViewController.swift */ = {isa = PBXFileReference; lastKnownFileType = sourcecode.swift; path = ViewController.swift; sourceTree = "<group>"; };
		0CEA0E6225BA857500B6CFB0 /* Base */ = {isa = PBXFileReference; lastKnownFileType = file.storyboard; name = Base; path = Base.lproj/Main.storyboard; sourceTree = "<group>"; };
		0CEA0E6425BA857800B6CFB0 /* Assets.xcassets */ = {isa = PBXFileReference; lastKnownFileType = folder.assetcatalog; path = Assets.xcassets; sourceTree = "<group>"; };
		0CEA0E6725BA857800B6CFB0 /* Base */ = {isa = PBXFileReference; lastKnownFileType = file.storyboard; name = Base; path = Base.lproj/LaunchScreen.storyboard; sourceTree = "<group>"; };
		0CEA0E6925BA857800B6CFB0 /* Info.plist */ = {isa = PBXFileReference; lastKnownFileType = text.plist.xml; path = Info.plist; sourceTree = "<group>"; };
		4EAF48FAF97E12955840921D /* Pods-homework_4.release.xcconfig */ = {isa = PBXFileReference; includeInIndex = 1; lastKnownFileType = text.xcconfig; name = "Pods-homework_4.release.xcconfig"; path = "Target Support Files/Pods-homework_4/Pods-homework_4.release.xcconfig"; sourceTree = "<group>"; };
		AC88041E3385FB368F9D2FCC /* Pods_homework_4.framework */ = {isa = PBXFileReference; explicitFileType = wrapper.framework; includeInIndex = 0; path = Pods_homework_4.framework; sourceTree = BUILT_PRODUCTS_DIR; };
/* End PBXFileReference section */

/* Begin PBXFrameworksBuildPhase section */
		0CEA0E5525BA857500B6CFB0 /* Frameworks */ = {
			isa = PBXFrameworksBuildPhase;
			buildActionMask = 2147483647;
			files = (
				4A39AAE36865AD208347AC62 /* Pods_homework_4.framework in Frameworks */,
			);
			runOnlyForDeploymentPostprocessing = 0;
		};
/* End PBXFrameworksBuildPhase section */

/* Begin PBXGroup section */
		07CB5C470C484309FBCD2C19 /* Frameworks */ = {
			isa = PBXGroup;
			children = (
				AC88041E3385FB368F9D2FCC /* Pods_homework_4.framework */,
			);
			name = Frameworks;
			sourceTree = "<group>";
		};
		0CC7E65525C1ED0A009919F0 /* structs */ = {
			isa = PBXGroup;
			children = (
			);
			path = structs;
			sourceTree = "<group>";
		};
		0CEA0E4F25BA857500B6CFB0 = {
			isa = PBXGroup;
			children = (
				0CEA0E5A25BA857500B6CFB0 /* homework_4 */,
				0CEA0E5925BA857500B6CFB0 /* Products */,
				E25A3B60BE0655E535565078 /* Pods */,
				07CB5C470C484309FBCD2C19 /* Frameworks */,
			);
			sourceTree = "<group>";
		};
		0CEA0E5925BA857500B6CFB0 /* Products */ = {
			isa = PBXGroup;
			children = (
				0CEA0E5825BA857500B6CFB0 /* homework_4.app */,
			);
			name = Products;
			sourceTree = "<group>";
		};
		0CEA0E5A25BA857500B6CFB0 /* homework_4 */ = {
			isa = PBXGroup;
			children = (
				0CC7E65525C1ED0A009919F0 /* structs */,
				0CEA0E5B25BA857500B6CFB0 /* AppDelegate.swift */,
				0CEA0E5D25BA857500B6CFB0 /* SceneDelegate.swift */,
				0CEA0E5F25BA857500B6CFB0 /* ViewController.swift */,
				0CEA0E6125BA857500B6CFB0 /* Main.storyboard */,
				0CEA0E6425BA857800B6CFB0 /* Assets.xcassets */,
				0CEA0E6625BA857800B6CFB0 /* LaunchScreen.storyboard */,
				0CEA0E6925BA857800B6CFB0 /* Info.plist */,
				0CC7E66425C24997009919F0 /* ProductTable.swift */,
				0CC7E66725C249A8009919F0 /* DB.swift */,
			);
			path = homework_4;
			sourceTree = "<group>";
		};
		E25A3B60BE0655E535565078 /* Pods */ = {
			isa = PBXGroup;
			children = (
				08396C6DA446EB7C1875A782 /* Pods-homework_4.debug.xcconfig */,
				4EAF48FAF97E12955840921D /* Pods-homework_4.release.xcconfig */,
			);
			path = Pods;
			sourceTree = "<group>";
		};
/* End PBXGroup section */

/* Begin PBXNativeTarget section */
		0CEA0E5725BA857500B6CFB0 /* homework_4 */ = {
			isa = PBXNativeTarget;
			buildConfigurationList = 0CEA0E6C25BA857800B6CFB0 /* Build configuration list for PBXNativeTarget "homework_4" */;
			buildPhases = (
				C81C18436BE800126EE2B069 /* [CP] Check Pods Manifest.lock */,
				0CEA0E5425BA857500B6CFB0 /* Sources */,
				0CEA0E5525BA857500B6CFB0 /* Frameworks */,
				0CEA0E5625BA857500B6CFB0 /* Resources */,
				6B0CCE4F4743B57CF1F60797 /* [CP] Embed Pods Frameworks */,
			);
			buildRules = (
			);
			dependencies = (
			);
			name = homework_4;
			productName = homework_4;
			productReference = 0CEA0E5825BA857500B6CFB0 /* homework_4.app */;
			productType = "com.apple.product-type.application";
		};
/* End PBXNativeTarget section */

/* Begin PBXProject section */
		0CEA0E5025BA857500B6CFB0 /* Project object */ = {
			isa = PBXProject;
			attributes = {
				LastSwiftUpdateCheck = 1230;
				LastUpgradeCheck = 1230;
				TargetAttributes = {
					0CEA0E5725BA857500B6CFB0 = {
						CreatedOnToolsVersion = 12.3;
					};
				};
			};
			buildConfigurationList = 0CEA0E5325BA857500B6CFB0 /* Build configuration list for PBXProject "homework_4" */;
			compatibilityVersion = "Xcode 9.3";
			developmentRegion = en;
			hasScannedForEncodings = 0;
			knownRegions = (
				en,
				Base,
			);
			mainGroup = 0CEA0E4F25BA857500B6CFB0;
			productRefGroup = 0CEA0E5925BA857500B6CFB0 /* Products */;
			projectDirPath = "";
			projectRoot = "";
			targets = (
				0CEA0E5725BA857500B6CFB0 /* homework_4 */,
			);
		};
/* End PBXProject section */

/* Begin PBXResourcesBuildPhase section */
		0CEA0E5625BA857500B6CFB0 /* Resources */ = {
			isa = PBXResourcesBuildPhase;
			buildActionMask = 2147483647;
			files = (
				0CEA0E6825BA857800B6CFB0 /* LaunchScreen.storyboard in Resources */,
				0CEA0E6525BA857800B6CFB0 /* Assets.xcassets in Resources */,
				0CEA0E6325BA857500B6CFB0 /* Main.storyboard in Resources */,
			);
			runOnlyForDeploymentPostprocessing = 0;
		};
/* End PBXResourcesBuildPhase section */

/* Begin PBXShellScriptBuildPhase section */
		6B0CCE4F4743B57CF1F60797 /* [CP] Embed Pods Frameworks */ = {
			isa = PBXShellScriptBuildPhase;
			buildActionMask = 2147483647;
			files = (
			);
			inputFileListPaths = (
				"${PODS_ROOT}/Target Support Files/Pods-homework_4/Pods-homework_4-frameworks-${CONFIGURATION}-input-files.xcfilelist",
			);
			name = "[CP] Embed Pods Frameworks";
			outputFileListPaths = (
				"${PODS_ROOT}/Target Support Files/Pods-homework_4/Pods-homework_4-frameworks-${CONFIGURATION}-output-files.xcfilelist",
			);
			runOnlyForDeploymentPostprocessing = 0;
			shellPath = /bin/sh;
			shellScript = "\"${PODS_ROOT}/Target Support Files/Pods-homework_4/Pods-homework_4-frameworks.sh\"\n";
			showEnvVarsInLog = 0;
		};
		C81C18436BE800126EE2B069 /* [CP] Check Pods Manifest.lock */ = {
			isa = PBXShellScriptBuildPhase;
			buildActionMask = 2147483647;
			files = (
			);
			inputFileListPaths = (
			);
			inputPaths = (
				"${PODS_PODFILE_DIR_PATH}/Podfile.lock",
				"${PODS_ROOT}/Manifest.lock",
			);
			name = "[CP] Check Pods Manifest.lock";
			outputFileListPaths = (
			);
			outputPaths = (
				"$(DERIVED_FILE_DIR)/Pods-homework_4-checkManifestLockResult.txt",
			);
			runOnlyForDeploymentPostprocessing = 0;
			shellPath = /bin/sh;
			shellScript = "diff \"${PODS_PODFILE_DIR_PATH}/Podfile.lock\" \"${PODS_ROOT}/Manifest.lock\" > /dev/null\nif [ $? != 0 ] ; then\n    # print error to STDERR\n    echo \"error: The sandbox is not in sync with the Podfile.lock. Run 'pod install' or update your CocoaPods installation.\" >&2\n    exit 1\nfi\n# This output is used by Xcode 'outputs' to avoid re-running this script phase.\necho \"SUCCESS\" > \"${SCRIPT_OUTPUT_FILE_0}\"\n";
			showEnvVarsInLog = 0;
		};
/* End PBXShellScriptBuildPhase section */

/* Begin PBXSourcesBuildPhase section */
		0CEA0E5425BA857500B6CFB0 /* Sources */ = {
			isa = PBXSourcesBuildPhase;
			buildActionMask = 2147483647;
			files = (
				0CC7E66525C24997009919F0 /* ProductTable.swift in Sources */,
				0CEA0E6025BA857500B6CFB0 /* ViewController.swift in Sources */,
				0CEA0E5C25BA857500B6CFB0 /* AppDelegate.swift in Sources */,
				0CEA0E5E25BA857500B6CFB0 /* SceneDelegate.swift in Sources */,
				0CC7E66825C249A8009919F0 /* DB.swift in Sources */,
			);
			runOnlyForDeploymentPostprocessing = 0;
		};
/* End PBXSourcesBuildPhase section */

/* Begin PBXVariantGroup section */
		0CEA0E6125BA857500B6CFB0 /* Main.storyboard */ = {
			isa = PBXVariantGroup;
			children = (
				0CEA0E6225BA857500B6CFB0 /* Base */,
			);
			name = Main.storyboard;
			sourceTree = "<group>";
		};
		0CEA0E6625BA857800B6CFB0 /* LaunchScreen.storyboard */ = {
			isa = PBXVariantGroup;
			children = (
				0CEA0E6725BA857800B6CFB0 /* Base */,
			);
			name = LaunchScreen.storyboard;
			sourceTree = "<group>";
		};
/* End PBXVariantGroup section */

/* Begin XCBuildConfiguration section */
		0CEA0E6A25BA857800B6CFB0 /* Debug */ = {
			isa = XCBuildConfiguration;
			buildSettings = {
				ALWAYS_SEARCH_USER_PATHS = NO;
				CLANG_ANALYZER_NONNULL = YES;
				CLANG_ANALYZER_NUMBER_OBJECT_CONVERSION = YES_AGGRESSIVE;
				CLANG_CXX_LANGUAGE_STANDARD = "gnu++14";
				CLANG_CXX_LIBRARY = "libc++";
				CLANG_ENABLE_MODULES = YES;
				CLANG_ENABLE_OBJC_ARC = YES;
				CLANG_ENABLE_OBJC_WEAK = YES;
				CLANG_WARN_BLOCK_CAPTURE_AUTORELEASING = YES;
				CLANG_WARN_BOOL_CONVERSION = YES;
				CLANG_WARN_COMMA = YES;
				CLANG_WARN_CONSTANT_CONVERSION = YES;
				CLANG_WARN_DEPRECATED_OBJC_IMPLEMENTATIONS = YES;
				CLANG_WARN_DIRECT_OBJC_ISA_USAGE = YES_ERROR;
				CLANG_WARN_DOCUMENTATION_COMMENTS = YES;
				CLANG_WARN_EMPTY_BODY = YES;
				CLANG_WARN_ENUM_CONVERSION = YES;
				CLANG_WARN_INFINITE_RECURSION = YES;
				CLANG_WARN_INT_CONVERSION = YES;
				CLANG_WARN_NON_LITERAL_NULL_CONVERSION = YES;
				CLANG_WARN_OBJC_IMPLICIT_RETAIN_SELF = YES;
				CLANG_WARN_OBJC_LITERAL_CONVERSION = YES;
				CLANG_WARN_OBJC_ROOT_CLASS = YES_ERROR;
				CLANG_WARN_QUOTED_INCLUDE_IN_FRAMEWORK_HEADER = YES;
				CLANG_WARN_RANGE_LOOP_ANALYSIS = YES;
				CLANG_WARN_STRICT_PROTOTYPES = YES;
				CLANG_WARN_SUSPICIOUS_MOVE = YES;
				CLANG_WARN_UNGUARDED_AVAILABILITY = YES_AGGRESSIVE;
				CLANG_WARN_UNREACHABLE_CODE = YES;
				CLANG_WARN__DUPLICATE_METHOD_MATCH = YES;
				COPY_PHASE_STRIP = NO;
				DEBUG_INFORMATION_FORMAT = dwarf;
				ENABLE_STRICT_OBJC_MSGSEND = YES;
				ENABLE_TESTABILITY = YES;
				GCC_C_LANGUAGE_STANDARD = gnu11;
				GCC_DYNAMIC_NO_PIC = NO;
				GCC_NO_COMMON_BLOCKS = YES;
				GCC_OPTIMIZATION_LEVEL = 0;
				GCC_PREPROCESSOR_DEFINITIONS = (
					"DEBUG=1",
					"$(inherited)",
				);
				GCC_WARN_64_TO_32_BIT_CONVERSION = YES;
				GCC_WARN_ABOUT_RETURN_TYPE = YES_ERROR;
				GCC_WARN_UNDECLARED_SELECTOR = YES;
				GCC_WARN_UNINITIALIZED_AUTOS = YES_AGGRESSIVE;
				GCC_WARN_UNUSED_FUNCTION = YES;
				GCC_WARN_UNUSED_VARIABLE = YES;
				IPHONEOS_DEPLOYMENT_TARGET = 14.3;
				MTL_ENABLE_DEBUG_INFO = INCLUDE_SOURCE;
				MTL_FAST_MATH = YES;
				ONLY_ACTIVE_ARCH = YES;
				SDKROOT = iphoneos;
				SWIFT_ACTIVE_COMPILATION_CONDITIONS = DEBUG;
				SWIFT_OPTIMIZATION_LEVEL = "-Onone";
			};
			name = Debug;
		};
		0CEA0E6B25BA857800B6CFB0 /* Release */ = {
			isa = XCBuildConfiguration;
			buildSettings = {
				ALWAYS_SEARCH_USER_PATHS = NO;
				CLANG_ANALYZER_NONNULL = YES;
				CLANG_ANALYZER_NUMBER_OBJECT_CONVERSION = YES_AGGRESSIVE;
				CLANG_CXX_LANGUAGE_STANDARD = "gnu++14";
				CLANG_CXX_LIBRARY = "libc++";
				CLANG_ENABLE_MODULES = YES;
				CLANG_ENABLE_OBJC_ARC = YES;
				CLANG_ENABLE_OBJC_WEAK = YES;
				CLANG_WARN_BLOCK_CAPTURE_AUTORELEASING = YES;
				CLANG_WARN_BOOL_CONVERSION = YES;
				CLANG_WARN_COMMA = YES;
				CLANG_WARN_CONSTANT_CONVERSION = YES;
				CLANG_WARN_DEPRECATED_OBJC_IMPLEMENTATIONS = YES;
				CLANG_WARN_DIRECT_OBJC_ISA_USAGE = YES_ERROR;
				CLANG_WARN_DOCUMENTATION_COMMENTS = YES;
				CLANG_WARN_EMPTY_BODY = YES;
				CLANG_WARN_ENUM_CONVERSION = YES;
				CLANG_WARN_INFINITE_RECURSION = YES;
				CLANG_WARN_INT_CONVERSION = YES;
				CLANG_WARN_NON_LITERAL_NULL_CONVERSION = YES;
				CLANG_WARN_OBJC_IMPLICIT_RETAIN_SELF = YES;
				CLANG_WARN_OBJC_LITERAL_CONVERSION = YES;
				CLANG_WARN_OBJC_ROOT_CLASS = YES_ERROR;
				CLANG_WARN_QUOTED_INCLUDE_IN_FRAMEWORK_HEADER = YES;
				CLANG_WARN_RANGE_LOOP_ANALYSIS = YES;
				CLANG_WARN_STRICT_PROTOTYPES = YES;
				CLANG_WARN_SUSPICIOUS_MOVE = YES;
				CLANG_WARN_UNGUARDED_AVAILABILITY = YES_AGGRESSIVE;
				CLANG_WARN_UNREACHABLE_CODE = YES;
				CLANG_WARN__DUPLICATE_METHOD_MATCH = YES;
				COPY_PHASE_STRIP = NO;
				DEBUG_INFORMATION_FORMAT = "dwarf-with-dsym";
				ENABLE_NS_ASSERTIONS = NO;
				ENABLE_STRICT_OBJC_MSGSEND = YES;
				GCC_C_LANGUAGE_STANDARD = gnu11;
				GCC_NO_COMMON_BLOCKS = YES;
				GCC_WARN_64_TO_32_BIT_CONVERSION = YES;
				GCC_WARN_ABOUT_RETURN_TYPE = YES_ERROR;
				GCC_WARN_UNDECLARED_SELECTOR = YES;
				GCC_WARN_UNINITIALIZED_AUTOS = YES_AGGRESSIVE;
				GCC_WARN_UNUSED_FUNCTION = YES;
				GCC_WARN_UNUSED_VARIABLE = YES;
				IPHONEOS_DEPLOYMENT_TARGET = 14.3;
				MTL_ENABLE_DEBUG_INFO = NO;
				MTL_FAST_MATH = YES;
				SDKROOT = iphoneos;
				SWIFT_COMPILATION_MODE = wholemodule;
				SWIFT_OPTIMIZATION_LEVEL = "-O";
				VALIDATE_PRODUCT = YES;
			};
			name = Release;
		};
		0CEA0E6D25BA857800B6CFB0 /* Debug */ = {
			isa = XCBuildConfiguration;
			baseConfigurationReference = 08396C6DA446EB7C1875A782 /* Pods-homework_4.debug.xcconfig */;
			buildSettings = {
				ASSETCATALOG_COMPILER_APPICON_NAME = AppIcon;
				ASSETCATALOG_COMPILER_GLOBAL_ACCENT_COLOR_NAME = AccentColor;
				CODE_SIGN_STYLE = Automatic;
				DEVELOPMENT_TEAM = 5WXHYUVFW8;
				INFOPLIST_FILE = homework_4/Info.plist;
				LD_RUNPATH_SEARCH_PATHS = (
					"$(inherited)",
					"@executable_path/Frameworks",
				);
				PRODUCT_BUNDLE_IDENTIFIER = "com.works.homework-4";
				PRODUCT_NAME = "$(TARGET_NAME)";
				SWIFT_VERSION = 5.0;
				TARGETED_DEVICE_FAMILY = "1,2";
			};
			name = Debug;
		};
		0CEA0E6E25BA857800B6CFB0 /* Release */ = {
			isa = XCBuildConfiguration;
			baseConfigurationReference = 4EAF48FAF97E12955840921D /* Pods-homework_4.release.xcconfig */;
			buildSettings = {
				ASSETCATALOG_COMPILER_APPICON_NAME = AppIcon;
				ASSETCATALOG_COMPILER_GLOBAL_ACCENT_COLOR_NAME = AccentColor;
				CODE_SIGN_STYLE = Automatic;
				DEVELOPMENT_TEAM = 5WXHYUVFW8;
				INFOPLIST_FILE = homework_4/Info.plist;
				LD_RUNPATH_SEARCH_PATHS = (
					"$(inherited)",
					"@executable_path/Frameworks",
				);
				PRODUCT_BUNDLE_IDENTIFIER = "com.works.homework-4";
				PRODUCT_NAME = "$(TARGET_NAME)";
				SWIFT_VERSION = 5.0;
				TARGETED_DEVICE_FAMILY = "1,2";
			};
			name = Release;
		};
/* End XCBuildConfiguration section */

/* Begin XCConfigurationList section */
		0CEA0E5325BA857500B6CFB0 /* Build configuration list for PBXProject "homework_4" */ = {
			isa = XCConfigurationList;
			buildConfigurations = (
				0CEA0E6A25BA857800B6CFB0 /* Debug */,
				0CEA0E6B25BA857800B6CFB0 /* Release */,
			);
			defaultConfigurationIsVisible = 0;
			defaultConfigurationName = Release;
		};
		0CEA0E6C25BA857800B6CFB0 /* Build configuration list for PBXNativeTarget "homework_4" */ = {
			isa = XCConfigurationList;
			buildConfigurations = (
				0CEA0E6D25BA857800B6CFB0 /* Debug */,
				0CEA0E6E25BA857800B6CFB0 /* Release */,
			);
			defaultConfigurationIsVisible = 0;
			defaultConfigurationName = Release;
		};
/* End XCConfigurationList section */
	};
	rootObject = 0CEA0E5025BA857500B6CFB0 /* Project object */;
}
